// !$*UTF8*$!
{
	archiveVersion = 1;
	classes = {
	};
	objectVersion = 50;
	objects = {

/* Begin PBXBuildFile section */
		524AFE78266143C400E5CCB0 /* algs.cpp in Sources */ = {isa = PBXBuildFile; fileRef = 524AFE77266143C400E5CCB0 /* algs.cpp */; };
		524AFE7C266E56DB00E5CCB0 /* Graph.cpp in Sources */ = {isa = PBXBuildFile; fileRef = 524AFE7B266E56DB00E5CCB0 /* Graph.cpp */; };
		524AFE81266F8D2200E5CCB0 /* main.cpp in Sources */ = {isa = PBXBuildFile; fileRef = 524AFE4C2661422800E5CCB0 /* main.cpp */; };
		5290DFDA267F0469002FBD30 /* depth-first.cpp in Sources */ = {isa = PBXBuildFile; fileRef = 5290DFD8267F0469002FBD30 /* depth-first.cpp */; };
		5290DFDD267F0AD0002FBD30 /* breadth-first.cpp in Sources */ = {isa = PBXBuildFile; fileRef = 5290DFDB267F0AD0002FBD30 /* breadth-first.cpp */; };
/* End PBXBuildFile section */

/* Begin PBXCopyFilesBuildPhase section */
		524AFE472661422800E5CCB0 /* CopyFiles */ = {
			isa = PBXCopyFilesBuildPhase;
			buildActionMask = 2147483647;
			dstPath = /usr/share/man/man1/;
			dstSubfolderSpec = 0;
			files = (
			);
			runOnlyForDeploymentPostprocessing = 1;
		};
/* End PBXCopyFilesBuildPhase section */

/* Begin PBXFileReference section */
		524AFE492661422800E5CCB0 /* fp */ = {isa = PBXFileReference; explicitFileType = "compiled.mach-o.executable"; includeInIndex = 0; path = fp; sourceTree = BUILT_PRODUCTS_DIR; };
		524AFE4C2661422800E5CCB0 /* main.cpp */ = {isa = PBXFileReference; lastKnownFileType = sourcecode.cpp.cpp; path = main.cpp; sourceTree = "<group>"; };
		524AFE77266143C400E5CCB0 /* algs.cpp */ = {isa = PBXFileReference; lastKnownFileType = sourcecode.cpp.cpp; path = algs.cpp; sourceTree = "<group>"; };
		524AFE79266143C900E5CCB0 /* algs.h */ = {isa = PBXFileReference; lastKnownFileType = sourcecode.c.h; path = algs.h; sourceTree = "<group>"; };
		524AFE7B266E56DB00E5CCB0 /* Graph.cpp */ = {isa = PBXFileReference; lastKnownFileType = sourcecode.cpp.cpp; path = Graph.cpp; sourceTree = "<group>"; };
		524AFE7D266E7AAA00E5CCB0 /* Graph.h */ = {isa = PBXFileReference; lastKnownFileType = sourcecode.c.h; path = Graph.h; sourceTree = "<group>"; };
		5290DFD8267F0469002FBD30 /* depth-first.cpp */ = {isa = PBXFileReference; lastKnownFileType = sourcecode.cpp.cpp; path = "depth-first.cpp"; sourceTree = "<group>"; };
		5290DFD9267F0469002FBD30 /* depth-first.h */ = {isa = PBXFileReference; lastKnownFileType = sourcecode.c.h; path = "depth-first.h"; sourceTree = "<group>"; };
		5290DFDB267F0AD0002FBD30 /* breadth-first.cpp */ = {isa = PBXFileReference; lastKnownFileType = sourcecode.cpp.cpp; path = "breadth-first.cpp"; sourceTree = "<group>"; };
		5290DFDC267F0AD0002FBD30 /* breadth-first.h */ = {isa = PBXFileReference; lastKnownFileType = sourcecode.c.h; path = "breadth-first.h"; sourceTree = "<group>"; };
/* End PBXFileReference section */

/* Begin PBXFrameworksBuildPhase section */
		524AFE462661422800E5CCB0 /* Frameworks */ = {
			isa = PBXFrameworksBuildPhase;
			buildActionMask = 2147483647;
			files = (
			);
			runOnlyForDeploymentPostprocessing = 0;
		};
/* End PBXFrameworksBuildPhase section */

/* Begin PBXGroup section */
		524AFE402661422800E5CCB0 = {
			isa = PBXGroup;
			children = (
				524AFE4B2661422800E5CCB0 /* fp */,
				524AFE4A2661422800E5CCB0 /* Products */,
			);
			sourceTree = "<group>";
		};
		524AFE4A2661422800E5CCB0 /* Products */ = {
			isa = PBXGroup;
			children = (
				524AFE492661422800E5CCB0 /* fp */,
			);
			name = Products;
			sourceTree = "<group>";
		};
		524AFE4B2661422800E5CCB0 /* fp */ = {
			isa = PBXGroup;
			children = (
				524AFE77266143C400E5CCB0 /* algs.cpp */,
				524AFE4C2661422800E5CCB0 /* main.cpp */,
				524AFE79266143C900E5CCB0 /* algs.h */,
				524AFE7B266E56DB00E5CCB0 /* Graph.cpp */,
				524AFE7D266E7AAA00E5CCB0 /* Graph.h */,
				5290DFD8267F0469002FBD30 /* depth-first.cpp */,
				5290DFD9267F0469002FBD30 /* depth-first.h */,
				5290DFDB267F0AD0002FBD30 /* breadth-first.cpp */,
				5290DFDC267F0AD0002FBD30 /* breadth-first.h */,
			);
			path = fp;
			sourceTree = "<group>";
		};
/* End PBXGroup section */

/* Begin PBXNativeTarget section */
		524AFE482661422800E5CCB0 /* fp */ = {
			isa = PBXNativeTarget;
			buildConfigurationList = 524AFE502661422800E5CCB0 /* Build configuration list for PBXNativeTarget "fp" */;
			buildPhases = (
				524AFE452661422800E5CCB0 /* Sources */,
				524AFE462661422800E5CCB0 /* Frameworks */,
				524AFE472661422800E5CCB0 /* CopyFiles */,
			);
			buildRules = (
			);
			dependencies = (
			);
			name = fp;
			productName = fp;
			productReference = 524AFE492661422800E5CCB0 /* fp */;
			productType = "com.apple.product-type.tool";
		};
/* End PBXNativeTarget section */

/* Begin PBXProject section */
		524AFE412661422800E5CCB0 /* Project object */ = {
			isa = PBXProject;
			attributes = {
				LastUpgradeCheck = 1150;
				ORGANIZATIONNAME = MAC;
				TargetAttributes = {
					524AFE482661422800E5CCB0 = {
						CreatedOnToolsVersion = 11.5;
					};
				};
			};
			buildConfigurationList = 524AFE442661422800E5CCB0 /* Build configuration list for PBXProject "fp" */;
			compatibilityVersion = "Xcode 9.3";
			developmentRegion = en;
			hasScannedForEncodings = 0;
			knownRegions = (
				en,
				Base,
			);
			mainGroup = 524AFE402661422800E5CCB0;
			productRefGroup = 524AFE4A2661422800E5CCB0 /* Products */;
			projectDirPath = "";
			projectRoot = "";
			targets = (
				524AFE482661422800E5CCB0 /* fp */,
			);
		};
/* End PBXProject section */

/* Begin PBXSourcesBuildPhase section */
		524AFE452661422800E5CCB0 /* Sources */ = {
			isa = PBXSourcesBuildPhase;
			buildActionMask = 2147483647;
			files = (
				5290DFDD267F0AD0002FBD30 /* breadth-first.cpp in Sources */,
				524AFE78266143C400E5CCB0 /* algs.cpp in Sources */,
				524AFE81266F8D2200E5CCB0 /* main.cpp in Sources */,
				5290DFDA267F0469002FBD30 /* depth-first.cpp in Sources */,
				524AFE7C266E56DB00E5CCB0 /* Graph.cpp in Sources */,
			);
			runOnlyForDeploymentPostprocessing = 0;
		};
/* End PBXSourcesBuildPhase section */

/* Begin XCBuildConfiguration section */
		524AFE4E2661422800E5CCB0 /* Debug */ = {
			isa = XCBuildConfiguration;
			buildSettings = {
				ALWAYS_SEARCH_USER_PATHS = NO;
				CLANG_ANALYZER_NONNULL = YES;
				CLANG_ANALYZER_NUMBER_OBJECT_CONVERSION = YES_AGGRESSIVE;
				CLANG_CXX_LANGUAGE_STANDARD = "gnu++14";
				CLANG_CXX_LIBRARY = "libc++";
				CLANG_ENABLE_MODULES = YES;
				CLANG_ENABLE_OBJC_ARC = YES;
				CLANG_ENABLE_OBJC_WEAK = YES;
				CLANG_WARN_BLOCK_CAPTURE_AUTORELEASING = YES;
				CLANG_WARN_BOOL_CONVERSION = YES;
				CLANG_WARN_COMMA = YES;
				CLANG_WARN_CONSTANT_CONVERSION = YES;
				CLANG_WARN_DEPRECATED_OBJC_IMPLEMENTATIONS = YES;
				CLANG_WARN_DIRECT_OBJC_ISA_USAGE = YES_ERROR;
				CLANG_WARN_DOCUMENTATION_COMMENTS = YES;
				CLANG_WARN_EMPTY_BODY = YES;
				CLANG_WARN_ENUM_CONVERSION = YES;
				CLANG_WARN_INFINITE_RECURSION = YES;
				CLANG_WARN_INT_CONVERSION = YES;
				CLANG_WARN_NON_LITERAL_NULL_CONVERSION = YES;
				CLANG_WARN_OBJC_IMPLICIT_RETAIN_SELF = YES;
				CLANG_WARN_OBJC_LITERAL_CONVERSION = YES;
				CLANG_WARN_OBJC_ROOT_CLASS = YES_ERROR;
				CLANG_WARN_RANGE_LOOP_ANALYSIS = YES;
				CLANG_WARN_STRICT_PROTOTYPES = YES;
				CLANG_WARN_SUSPICIOUS_MOVE = YES;
				CLANG_WARN_UNGUARDED_AVAILABILITY = YES_AGGRESSIVE;
				CLANG_WARN_UNREACHABLE_CODE = YES;
				CLANG_WARN__DUPLICATE_METHOD_MATCH = YES;
				COPY_PHASE_STRIP = NO;
				DEBUG_INFORMATION_FORMAT = dwarf;
				ENABLE_STRICT_OBJC_MSGSEND = YES;
				ENABLE_TESTABILITY = YES;
				GCC_C_LANGUAGE_STANDARD = gnu11;
				GCC_DYNAMIC_NO_PIC = NO;
				GCC_NO_COMMON_BLOCKS = YES;
				GCC_OPTIMIZATION_LEVEL = 0;
				GCC_PREPROCESSOR_DEFINITIONS = (
					"DEBUG=1",
					"$(inherited)",
				);
				GCC_WARN_64_TO_32_BIT_CONVERSION = YES;
				GCC_WARN_ABOUT_RETURN_TYPE = YES_ERROR;
				GCC_WARN_UNDECLARED_SELECTOR = YES;
				GCC_WARN_UNINITIALIZED_AUTOS = YES_AGGRESSIVE;
				GCC_WARN_UNUSED_FUNCTION = YES;
				GCC_WARN_UNUSED_VARIABLE = YES;
				MACOSX_DEPLOYMENT_TARGET = 10.15;
				MTL_ENABLE_DEBUG_INFO = INCLUDE_SOURCE;
				MTL_FAST_MATH = YES;
				ONLY_ACTIVE_ARCH = YES;
				SDKROOT = macosx;
			};
			name = Debug;
		};
		524AFE4F2661422800E5CCB0 /* Release */ = {
			isa = XCBuildConfiguration;
			buildSettings = {
				ALWAYS_SEARCH_USER_PATHS = NO;
				CLANG_ANALYZER_NONNULL = YES;
				CLANG_ANALYZER_NUMBER_OBJECT_CONVERSION = YES_AGGRESSIVE;
				CLANG_CXX_LANGUAGE_STANDARD = "gnu++14";
				CLANG_CXX_LIBRARY = "libc++";
				CLANG_ENABLE_MODULES = YES;
				CLANG_ENABLE_OBJC_ARC = YES;
				CLANG_ENABLE_OBJC_WEAK = YES;
				CLANG_WARN_BLOCK_CAPTURE_AUTORELEASING = YES;
				CLANG_WARN_BOOL_CONVERSION = YES;
				CLANG_WARN_COMMA = YES;
				CLANG_WARN_CONSTANT_CONVERSION = YES;
				CLANG_WARN_DEPRECATED_OBJC_IMPLEMENTATIONS = YES;
				CLANG_WARN_DIRECT_OBJC_ISA_USAGE = YES_ERROR;
				CLANG_WARN_DOCUMENTATION_COMMENTS = YES;
				CLANG_WARN_EMPTY_BODY = YES;
				CLANG_WARN_ENUM_CONVERSION = YES;
				CLANG_WARN_INFINITE_RECURSION = YES;
				CLANG_WARN_INT_CONVERSION = YES;
				CLANG_WARN_NON_LITERAL_NULL_CONVERSION = YES;
				CLANG_WARN_OBJC_IMPLICIT_RETAIN_SELF = YES;
				CLANG_WARN_OBJC_LITERAL_CONVERSION = YES;
				CLANG_WARN_OBJC_ROOT_CLASS = YES_ERROR;
				CLANG_WARN_RANGE_LOOP_ANALYSIS = YES;
				CLANG_WARN_STRICT_PROTOTYPES = YES;
				CLANG_WARN_SUSPICIOUS_MOVE = YES;
				CLANG_WARN_UNGUARDED_AVAILABILITY = YES_AGGRESSIVE;
				CLANG_WARN_UNREACHABLE_CODE = YES;
				CLANG_WARN__DUPLICATE_METHOD_MATCH = YES;
				COPY_PHASE_STRIP = NO;
				DEBUG_INFORMATION_FORMAT = "dwarf-with-dsym";
				ENABLE_NS_ASSERTIONS = NO;
				ENABLE_STRICT_OBJC_MSGSEND = YES;
				GCC_C_LANGUAGE_STANDARD = gnu11;
				GCC_NO_COMMON_BLOCKS = YES;
				GCC_WARN_64_TO_32_BIT_CONVERSION = YES;
				GCC_WARN_ABOUT_RETURN_TYPE = YES_ERROR;
				GCC_WARN_UNDECLARED_SELECTOR = YES;
				GCC_WARN_UNINITIALIZED_AUTOS = YES_AGGRESSIVE;
				GCC_WARN_UNUSED_FUNCTION = YES;
				GCC_WARN_UNUSED_VARIABLE = YES;
				MACOSX_DEPLOYMENT_TARGET = 10.15;
				MTL_ENABLE_DEBUG_INFO = NO;
				MTL_FAST_MATH = YES;
				SDKROOT = macosx;
			};
			name = Release;
		};
		524AFE512661422800E5CCB0 /* Debug */ = {
			isa = XCBuildConfiguration;
			buildSettings = {
				CODE_SIGN_STYLE = Automatic;
				PRODUCT_NAME = "$(TARGET_NAME)";
			};
			name = Debug;
		};
		524AFE522661422800E5CCB0 /* Release */ = {
			isa = XCBuildConfiguration;
			buildSettings = {
				CODE_SIGN_STYLE = Automatic;
				PRODUCT_NAME = "$(TARGET_NAME)";
			};
			name = Release;
		};
/* End XCBuildConfiguration section */

/* Begin XCConfigurationList section */
		524AFE442661422800E5CCB0 /* Build configuration list for PBXProject "fp" */ = {
			isa = XCConfigurationList;
			buildConfigurations = (
				524AFE4E2661422800E5CCB0 /* Debug */,
				524AFE4F2661422800E5CCB0 /* Release */,
			);
			defaultConfigurationIsVisible = 0;
			defaultConfigurationName = Release;
		};
		524AFE502661422800E5CCB0 /* Build configuration list for PBXNativeTarget "fp" */ = {
			isa = XCConfigurationList;
			buildConfigurations = (
				524AFE512661422800E5CCB0 /* Debug */,
				524AFE522661422800E5CCB0 /* Release */,
			);
			defaultConfigurationIsVisible = 0;
			defaultConfigurationName = Release;
		};
/* End XCConfigurationList section */
	};
	rootObject = 524AFE412661422800E5CCB0 /* Project object */;
}
